
Microsoft Visual Studio Solution File, Format Version 12.00
# Visual Studio Version 18
VisualStudioVersion = 18.5.11723.231 stable
MinimumVisualStudioVersion = 10.0.40219.1
Project("{FAE04EC0-301F-11D3-BF4B-00C04F79EFBC}") = "desktop-frontend", "desktop-frontend.csproj", "{D981C253-FF53-6747-1035-EA13BC6A7323}"
EndProject
Global
	GlobalSection(SolutionConfigurationPlatforms) = preSolution
		Debug|Any CPU = Debug|Any CPU
		Release|Any CPU = Release|Any CPU
	EndGlobalSection
	GlobalSection(ProjectConfigurationPlatforms) = postSolution
		{D981C253-FF53-6747-1035-EA13BC6A7323}.Debug|Any CPU.ActiveCfg = Debug|Any CPU
		{D981C253-FF53-6747-1035-EA13BC6A7323}.Debug|Any CPU.Build.0 = Debug|Any CPU
		{D981C253-FF53-6747-1035-EA13BC6A7323}.Release|Any CPU.ActiveCfg = Release|Any CPU
		{D981C253-FF53-6747-1035-EA13BC6A7323}.Release|Any CPU.Build.0 = Release|Any CPU
	EndGlobalSection
	GlobalSection(SolutionProperties) = preSolution
		HideSolutionNode = FALSE
	EndGlobalSection
	GlobalSection(ExtensibilityGlobals) = postSolution
		SolutionGuid = {41E09813-55F6-45E3-9E97-B2673F6EA677}
	EndGlobalSection
EndGlobal
